{
  "version": 4,
  "terraform_version": "1.7.2",
  "serial": 22,
  "lineage": "6795bc15-1cf8-1107-2226-31176691e21d",
  "outputs": {
    "jenkins_ssh_connection_command": {
      "value": "ssh -i jenkins-jgrog-key1.pem ec2-user@ec2-3-87-66-25.compute-1.amazonaws.com",
      "type": "string"
    },
    "jenkins_url": {
      "value": "http://ec2-3-87-66-25.compute-1.amazonaws.com:8080",
      "type": "string"
    }
  },
  "resources": [
    {
      "mode": "data",
      "type": "aws_ami",
      "name": "ami",
      "provider": "provider[\"registry.terraform.io/hashicorp/aws\"]",
      "instances": [
        {
          "schema_version": 0,
          "attributes": {
            "architecture": "x86_64",
            "arn": "arn:aws:ec2:us-east-1::image/ami-0195204d5dce06d99",
            "block_device_mappings": [
              {
                "device_name": "/dev/xvda",
                "ebs": {
                  "delete_on_termination": "true",
                  "encrypted": "false",
                  "iops": "0",
                  "snapshot_id": "snap-098c4d2d5707a202f",
                  "throughput": "0",
                  "volume_size": "8",
                  "volume_type": "gp2"
                },
                "no_device": "",
                "virtual_name": ""
              }
            ],
            "boot_mode": "",
            "creation_date": "2024-06-21T01:15:19.000Z",
            "deprecation_time": "2025-07-01T00:00:00.000Z",
            "description": "Amazon Linux 2 Kernel 5.10 AMI 2.0.20240620.0 x86_64 HVM gp2",
            "ena_support": true,
            "executable_users": null,
            "filter": [
              {
                "name": "name",
                "values": [
                  "amzn2-ami-kernel-5.10-hvm-*-gp2"
                ]
              },
              {
                "name": "root-device-type",
                "values": [
                  "ebs"
                ]
              },
              {
                "name": "virtualization-type",
                "values": [
                  "hvm"
                ]
              }
            ],
            "hypervisor": "xen",
            "id": "ami-0195204d5dce06d99",
            "image_id": "ami-0195204d5dce06d99",
            "image_location": "amazon/amzn2-ami-kernel-5.10-hvm-2.0.20240620.0-x86_64-gp2",
            "image_owner_alias": "amazon",
            "image_type": "machine",
            "imds_support": "",
            "include_deprecated": false,
            "kernel_id": "",
            "most_recent": true,
            "name": "amzn2-ami-kernel-5.10-hvm-2.0.20240620.0-x86_64-gp2",
            "name_regex": null,
            "owner_id": "137112412989",
            "owners": [
              "amazon"
            ],
            "platform": "",
            "platform_details": "Linux/UNIX",
            "product_codes": [],
            "public": true,
            "ramdisk_id": "",
            "root_device_name": "/dev/xvda",
            "root_device_type": "ebs",
            "root_snapshot_id": "snap-098c4d2d5707a202f",
            "sriov_net_support": "simple",
            "state": "available",
            "state_reason": {
              "code": "UNSET",
              "message": "UNSET"
            },
            "tags": {},
            "timeouts": null,
            "tpm_support": "",
            "usage_operation": "RunInstances",
            "virtualization_type": "hvm"
          },
          "sensitive_attributes": []
        }
      ]
    },
    {
      "mode": "managed",
      "type": "aws_default_vpc",
      "name": "default_vpc",
      "provider": "provider[\"registry.terraform.io/hashicorp/aws\"]",
      "instances": [
        {
          "schema_version": 1,
          "attributes": {
            "arn": "arn:aws:ec2:us-east-1:211125506130:vpc/vpc-020352a0fac169603",
            "assign_generated_ipv6_cidr_block": false,
            "cidr_block": "172.31.0.0/16",
            "default_network_acl_id": "acl-041f2c1e99ee848d5",
            "default_route_table_id": "rtb-0943bd45f8cc23a7b",
            "default_security_group_id": "sg-021a7ddf02aa8bb35",
            "dhcp_options_id": "dopt-0137b246a231f6ef0",
            "enable_dns_hostnames": true,
            "enable_dns_support": true,
            "enable_network_address_usage_metrics": false,
            "existing_default_vpc": true,
            "force_destroy": false,
            "id": "vpc-020352a0fac169603",
            "instance_tenancy": "default",
            "ipv6_association_id": "",
            "ipv6_cidr_block": "",
            "ipv6_cidr_block_network_border_group": "",
            "ipv6_ipam_pool_id": "",
            "ipv6_netmask_length": 0,
            "main_route_table_id": "rtb-0943bd45f8cc23a7b",
            "owner_id": "211125506130",
            "tags": {},
            "tags_all": {}
          },
          "sensitive_attributes": [],
          "private": "eyJzY2hlbWFfdmVyc2lvbiI6IjEifQ=="
        }
      ]
    },
    {
      "mode": "managed",
      "type": "aws_iam_instance_profile",
      "name": "jenkins_instance_profile",
      "provider": "provider[\"registry.terraform.io/hashicorp/aws\"]",
      "instances": [
        {
          "schema_version": 0,
          "attributes": {
            "arn": "arn:aws:iam::211125506130:instance-profile/jenkinsAdminRoleAmi1",
            "create_date": "2024-07-04T02:20:47Z",
            "id": "jenkinsAdminRoleAmi1",
            "name": "jenkinsAdminRoleAmi1",
            "name_prefix": "",
            "path": "/",
            "role": "jenkinsAdminRoleAmi1",
            "tags": null,
            "tags_all": {},
            "unique_id": "AIPATCKAPSBJGQMWLAKZT"
          },
          "sensitive_attributes": [],
          "private": "bnVsbA==",
          "dependencies": [
            "aws_iam_role.jenkins_admin_ami_role"
          ]
        }
      ]
    },
    {
      "mode": "managed",
      "type": "aws_iam_role",
      "name": "jenkins_admin_ami_role",
      "provider": "provider[\"registry.terraform.io/hashicorp/aws\"]",
      "instances": [
        {
          "schema_version": 0,
          "attributes": {
            "arn": "arn:aws:iam::211125506130:role/jenkinsAdminRoleAmi1",
            "assume_role_policy": "{\"Statement\":[{\"Action\":\"sts:AssumeRole\",\"Effect\":\"Allow\",\"Principal\":{\"Service\":\"ec2.amazonaws.com\"}}],\"Version\":\"2012-10-17\"}",
            "create_date": "2024-07-04T02:20:46Z",
            "description": "",
            "force_detach_policies": false,
            "id": "jenkinsAdminRoleAmi1",
            "inline_policy": [],
            "managed_policy_arns": [],
            "max_session_duration": 3600,
            "name": "jenkinsAdminRoleAmi1",
            "name_prefix": "",
            "path": "/",
            "permissions_boundary": "",
            "tags": null,
            "tags_all": {},
            "unique_id": "AROATCKAPSBJE34EPS7BH"
          },
          "sensitive_attributes": [],
          "private": "bnVsbA=="
        }
      ]
    },
    {
      "mode": "managed",
      "type": "aws_iam_role_policy_attachment",
      "name": "admin_policy_attachment",
      "provider": "provider[\"registry.terraform.io/hashicorp/aws\"]",
      "instances": [
        {
          "schema_version": 0,
          "attributes": {
            "id": "jenkinsAdminRoleAmi1-20240704022047621000000001",
            "policy_arn": "arn:aws:iam::aws:policy/AdministratorAccess",
            "role": "jenkinsAdminRoleAmi1"
          },
          "sensitive_attributes": [],
          "private": "bnVsbA==",
          "dependencies": [
            "aws_iam_role.jenkins_admin_ami_role"
          ]
        }
      ]
    },
    {
      "mode": "managed",
      "type": "aws_instance",
      "name": "jenkins_ec2_instance",
      "provider": "provider[\"registry.terraform.io/hashicorp/aws\"]",
      "instances": [
        {
          "schema_version": 1,
          "attributes": {
            "ami": "ami-00840903b3804ff40",
            "arn": "arn:aws:ec2:us-east-1:211125506130:instance/i-0c8be842eb457b89f",
            "associate_public_ip_address": true,
            "availability_zone": "us-east-1d",
            "capacity_reservation_specification": [
              {
                "capacity_reservation_preference": "open",
                "capacity_reservation_target": []
              }
            ],
            "cpu_core_count": 2,
            "cpu_options": [
              {
                "amd_sev_snp": "",
                "core_count": 2,
                "threads_per_core": 1
              }
            ],
            "cpu_threads_per_core": 1,
            "credit_specification": [
              {
                "cpu_credits": "standard"
              }
            ],
            "disable_api_stop": false,
            "disable_api_termination": false,
            "ebs_block_device": [
              {
                "delete_on_termination": true,
                "device_name": "/dev/xvdf",
                "encrypted": false,
                "iops": 100,
                "kms_key_id": "",
                "snapshot_id": "snap-0b6febd383f7d42fd",
                "tags": {},
                "throughput": 0,
                "volume_id": "vol-06d09f3533a201eaa",
                "volume_size": 30,
                "volume_type": "gp2"
              }
            ],
            "ebs_optimized": false,
            "enclave_options": [
              {
                "enabled": false
              }
            ],
            "ephemeral_block_device": [],
            "get_password_data": false,
            "hibernation": false,
            "host_id": "",
            "host_resource_group_arn": null,
            "iam_instance_profile": "jenkinsAdminRoleAmi1",
            "id": "i-0c8be842eb457b89f",
            "instance_initiated_shutdown_behavior": "stop",
            "instance_lifecycle": "",
            "instance_market_options": [],
            "instance_state": "running",
            "instance_type": "t2.medium",
            "ipv6_address_count": 0,
            "ipv6_addresses": [],
            "key_name": "jenkins-jgrog-key1",
            "launch_template": [],
            "maintenance_options": [
              {
                "auto_recovery": "default"
              }
            ],
            "metadata_options": [
              {
                "http_endpoint": "enabled",
                "http_protocol_ipv6": "disabled",
                "http_put_response_hop_limit": 1,
                "http_tokens": "optional",
                "instance_metadata_tags": "disabled"
              }
            ],
            "monitoring": false,
            "network_interface": [],
            "outpost_arn": "",
            "password_data": "",
            "placement_group": "",
            "placement_partition_number": 0,
            "primary_network_interface_id": "eni-06b981b1df1270a20",
            "private_dns": "ip-172-31-90-140.ec2.internal",
            "private_dns_name_options": [
              {
                "enable_resource_name_dns_a_record": false,
                "enable_resource_name_dns_aaaa_record": false,
                "hostname_type": "ip-name"
              }
            ],
            "private_ip": "172.31.90.140",
            "public_dns": "ec2-3-87-66-25.compute-1.amazonaws.com",
            "public_ip": "3.87.66.25",
            "root_block_device": [
              {
                "delete_on_termination": true,
                "device_name": "/dev/xvda",
                "encrypted": false,
                "iops": 100,
                "kms_key_id": "",
                "tags": {},
                "throughput": 0,
                "volume_id": "vol-0ee9e51401e05852c",
                "volume_size": 30,
                "volume_type": "gp2"
              }
            ],
            "secondary_private_ips": [],
            "security_groups": [
              "jfrog-security-group"
            ],
            "source_dest_check": true,
            "spot_instance_request_id": "",
            "subnet_id": "subnet-046c9a163d3aa1121",
            "tags": {
              "Name": "jenkins-server",
              "Owner": "Hermann90"
            },
            "tags_all": {
              "Name": "jenkins-server",
              "Owner": "Hermann90"
            },
            "tenancy": "default",
            "timeouts": null,
            "user_data": null,
            "user_data_base64": null,
            "user_data_replace_on_change": false,
            "volume_tags": null,
            "vpc_security_group_ids": [
              "sg-03e20a24ef316210b"
            ]
          },
          "sensitive_attributes": [],
          "private": "eyJlMmJmYjczMC1lY2FhLTExZTYtOGY4OC0zNDM2M2JjN2M0YzAiOnsiY3JlYXRlIjo2MDAwMDAwMDAwMDAsImRlbGV0ZSI6MTIwMDAwMDAwMDAwMCwidXBkYXRlIjo2MDAwMDAwMDAwMDB9LCJzY2hlbWFfdmVyc2lvbiI6IjEifQ==",
          "dependencies": [
            "aws_default_vpc.default_vpc",
            "aws_iam_instance_profile.jenkins_instance_profile",
            "aws_iam_role.jenkins_admin_ami_role",
            "aws_key_pair.instance_key",
            "aws_security_group.jenkins_security_gp",
            "tls_private_key.instance_key"
          ]
        }
      ]
    },
    {
      "mode": "managed",
      "type": "aws_key_pair",
      "name": "instance_key",
      "provider": "provider[\"registry.terraform.io/hashicorp/aws\"]",
      "instances": [
        {
          "schema_version": 1,
          "attributes": {
            "arn": "arn:aws:ec2:us-east-1:211125506130:key-pair/jenkins-jgrog-key1",
            "fingerprint": "46:2b:b7:29:72:d3:05:a7:e3:b3:7e:1f:8e:58:f6:61",
            "id": "jenkins-jgrog-key1",
            "key_name": "jenkins-jgrog-key1",
            "key_name_prefix": "",
            "key_pair_id": "key-06e66eaa6b3209c24",
            "key_type": "rsa",
            "public_key": "ssh-rsa AAAAB3NzaC1yc2EAAAADAQABAAACAQCfgZmUqJs9MfsPRmPxXJ9dDBRc8y/qas7FxUd5zG0AXz2WAqdYXQf5PzeLojtQKnXpqSP0QvM54nSCK0LpZq06musLw2yAC7RqZ82Y51qidjGkkTAM4xHq35BdCrCbkP/qyp9oUYq/50QXMQuWzS1R3tIVJELWhW/x/Xs8Nqpf8NVJJPDednLZwW1mFNb4fpiTTJpLDzJfwVfaB3aAcGmvu0U8M4nlgGP7+RZ0WfT0j1DjBmAOEMUzJjprbikh/qUnDKde794CUl8jkzI5mm0V3WLyRPLZD2EDGyM2sIL+jB7DdPS7eQ7Jof3knToqPBd+yHUSGxrYUcU1Uab+q0IMMed+Pa/WTj4jCIZsfjcwt2IbBYCy0UKsWALnKrHLR1qwZTv1guLGudYfvW3NeR4QTa5V+4DgGo9Ah8DBbkBn84ZhdedxcYYvzo9TBLzh6jVoOg6VYVaqvaH7a4Ue+KDFKe8pHfOUdeJmQEfWtSrCTp588nU7Fg+e3LxM+wKTfyd23I1JyLy32wfAs9mG5UCR1Rv9DV73khc7GzhuY/JvalPaGBshBXYBPmz5a5S+/1Xyh2nj6j4Br/ySzcScOrrzds6XvPPRfa96cr6QtC4C7g6slRp+6BWqoFDZI+RQGPGnitIwNUdcqzDUx2+w2QYxNQitIHh3ZVKj+0jNwCGMCw==",
            "tags": {},
            "tags_all": {}
          },
          "sensitive_attributes": [],
          "private": "eyJzY2hlbWFfdmVyc2lvbiI6IjEifQ==",
          "dependencies": [
            "tls_private_key.instance_key"
          ]
        }
      ]
    },
    {
      "mode": "managed",
      "type": "aws_security_group",
      "name": "jenkins_security_gp",
      "provider": "provider[\"registry.terraform.io/hashicorp/aws\"]",
      "instances": [
        {
          "schema_version": 1,
          "attributes": {
            "arn": "arn:aws:ec2:us-east-1:211125506130:security-group/sg-03e20a24ef316210b",
            "description": "allow access on ports 8080 and 22 for jenkins and ssh",
            "egress": [
              {
                "cidr_blocks": [
                  "0.0.0.0/0"
                ],
                "description": "",
                "from_port": 0,
                "ipv6_cidr_blocks": [],
                "prefix_list_ids": [],
                "protocol": "-1",
                "security_groups": [],
                "self": false,
                "to_port": 0
              }
            ],
            "id": "sg-03e20a24ef316210b",
            "ingress": [
              {
                "cidr_blocks": [
                  "0.0.0.0/0"
                ],
                "description": "httpd access port",
                "from_port": 8080,
                "ipv6_cidr_blocks": [],
                "prefix_list_ids": [],
                "protocol": "tcp",
                "security_groups": [],
                "self": false,
                "to_port": 8080
              },
              {
                "cidr_blocks": [
                  "0.0.0.0/0"
                ],
                "description": "ssh access",
                "from_port": 22,
                "ipv6_cidr_blocks": [],
                "prefix_list_ids": [],
                "protocol": "tcp",
                "security_groups": [],
                "self": false,
                "to_port": 22
              }
            ],
            "name": "jfrog-security-group",
            "name_prefix": "",
            "owner_id": "211125506130",
            "revoke_rules_on_delete": false,
            "tags": {
              "Name": "jenkins security group"
            },
            "tags_all": {
              "Name": "jenkins security group"
            },
            "timeouts": null,
            "vpc_id": "vpc-020352a0fac169603"
          },
          "sensitive_attributes": [],
          "private": "eyJlMmJmYjczMC1lY2FhLTExZTYtOGY4OC0zNDM2M2JjN2M0YzAiOnsiY3JlYXRlIjo2MDAwMDAwMDAwMDAsImRlbGV0ZSI6OTAwMDAwMDAwMDAwfSwic2NoZW1hX3ZlcnNpb24iOiIxIn0=",
          "dependencies": [
            "aws_default_vpc.default_vpc"
          ]
        }
      ]
    },
    {
      "mode": "managed",
      "type": "aws_security_group",
      "name": "jfrog_security_gp",
      "provider": "provider[\"registry.terraform.io/hashicorp/aws\"]",
      "instances": [
        {
          "schema_version": 1,
          "attributes": {
            "arn": "arn:aws:ec2:us-east-1:211125506130:security-group/sg-0a486d7d1e15535c0",
            "description": "allow access on ports 8081 and 22 for jfrog and ssh",
            "egress": [
              {
                "cidr_blocks": [
                  "0.0.0.0/0"
                ],
                "description": "",
                "from_port": 0,
                "ipv6_cidr_blocks": [],
                "prefix_list_ids": [],
                "protocol": "-1",
                "security_groups": [],
                "self": false,
                "to_port": 0
              }
            ],
            "id": "sg-0a486d7d1e15535c0",
            "ingress": [
              {
                "cidr_blocks": [
                  "0.0.0.0/0"
                ],
                "description": "httpd access port",
                "from_port": 8081,
                "ipv6_cidr_blocks": [],
                "prefix_list_ids": [],
                "protocol": "tcp",
                "security_groups": [],
                "self": false,
                "to_port": 8081
              },
              {
                "cidr_blocks": [
                  "0.0.0.0/0"
                ],
                "description": "ssh access",
                "from_port": 22,
                "ipv6_cidr_blocks": [],
                "prefix_list_ids": [],
                "protocol": "tcp",
                "security_groups": [],
                "self": false,
                "to_port": 22
              }
            ],
            "name": "jenkins-security-group",
            "name_prefix": "",
            "owner_id": "211125506130",
            "revoke_rules_on_delete": false,
            "tags": {
              "Name": "jfrog security group"
            },
            "tags_all": {
              "Name": "jfrog security group"
            },
            "timeouts": null,
            "vpc_id": "vpc-020352a0fac169603"
          },
          "sensitive_attributes": [],
          "private": "eyJlMmJmYjczMC1lY2FhLTExZTYtOGY4OC0zNDM2M2JjN2M0YzAiOnsiY3JlYXRlIjo2MDAwMDAwMDAwMDAsImRlbGV0ZSI6OTAwMDAwMDAwMDAwfSwic2NoZW1hX3ZlcnNpb24iOiIxIn0=",
          "dependencies": [
            "aws_default_vpc.default_vpc"
          ]
        }
      ]
    },
    {
      "mode": "managed",
      "type": "aws_security_group",
      "name": "qa_uat_security_gp",
      "provider": "provider[\"registry.terraform.io/hashicorp/aws\"]",
      "instances": [
        {
          "schema_version": 1,
          "attributes": {
            "arn": "arn:aws:ec2:us-east-1:211125506130:security-group/sg-0c898d4e6410e7c54",
            "description": "allow access on ports 8082 and 22 for jfrog and ssh",
            "egress": [
              {
                "cidr_blocks": [
                  "0.0.0.0/0"
                ],
                "description": "",
                "from_port": 0,
                "ipv6_cidr_blocks": [],
                "prefix_list_ids": [],
                "protocol": "-1",
                "security_groups": [],
                "self": false,
                "to_port": 0
              }
            ],
            "id": "sg-0c898d4e6410e7c54",
            "ingress": [
              {
                "cidr_blocks": [
                  "0.0.0.0/0"
                ],
                "description": "httpd access port",
                "from_port": 8082,
                "ipv6_cidr_blocks": [],
                "prefix_list_ids": [],
                "protocol": "tcp",
                "security_groups": [],
                "self": false,
                "to_port": 8082
              },
              {
                "cidr_blocks": [
                  "0.0.0.0/0"
                ],
                "description": "ssh access",
                "from_port": 22,
                "ipv6_cidr_blocks": [],
                "prefix_list_ids": [],
                "protocol": "tcp",
                "security_groups": [],
                "self": false,
                "to_port": 22
              }
            ],
            "name": "qa-uat-security-group",
            "name_prefix": "",
            "owner_id": "211125506130",
            "revoke_rules_on_delete": false,
            "tags": {
              "Name": "jfrog security group"
            },
            "tags_all": {
              "Name": "jfrog security group"
            },
            "timeouts": null,
            "vpc_id": "vpc-020352a0fac169603"
          },
          "sensitive_attributes": [],
          "private": "eyJlMmJmYjczMC1lY2FhLTExZTYtOGY4OC0zNDM2M2JjN2M0YzAiOnsiY3JlYXRlIjo2MDAwMDAwMDAwMDAsImRlbGV0ZSI6OTAwMDAwMDAwMDAwfSwic2NoZW1hX3ZlcnNpb24iOiIxIn0=",
          "dependencies": [
            "aws_default_vpc.default_vpc"
          ]
        }
      ]
    },
    {
      "mode": "managed",
      "type": "local_file",
      "name": "ssh_key",
      "provider": "provider[\"registry.terraform.io/hashicorp/local\"]",
      "instances": [
        {
          "schema_version": 0,
          "attributes": {
            "content": "-----BEGIN RSA PRIVATE KEY-----\nMIIJJwIBAAKCAgEAn4GZlKibPTH7D0Zj8VyfXQwUXPMv6mrOxcVHecxtAF89lgKn\nWF0H+T83i6I7UCp16akj9ELzOeJ0gitC6WatOprrC8NsgAu0amfNmOdaonYxpJEw\nDOMR6t+QXQqwm5D/6sqfaFGKv+dEFzELls0tUd7SFSRC1oVv8f17PDaqX/DVSSTw\n3nZy2cFtZhTW+H6Yk0yaSw8yX8FX2gd2gHBpr7tFPDOJ5YBj+/kWdFn09I9Q4wZg\nDhDFMyY6a24pIf6lJwynXu/eAlJfI5MyOZptFd1i8kTy2Q9hAxsjNrCC/owew3T0\nu3kOyaH95J06KjwXfsh1Ehsa2FHFNVGm/qtCDDHnfj2v1k4+IwiGbH43MLdiGwWA\nstFCrFgC5yqxy0dasGU79YLixrnWH71tzXkeEE2uVfuA4BqPQIfAwW5AZ/OGYXXn\ncXGGL86PUwS84eo1aDoOlWFWqr2h+2uFHvigxSnvKR3zlHXiZkBH1rUqwk6efPJ1\nOxYPnty8TPsCk38ndtyNSci8t9sHwLPZhuVAkdUb/Q1e95IXOxs4bmPyb2pT2hgb\nIQV2AT5s+WuUvv9V8odp4+o+Aa/8ks3EnDq683bOl7zz0X2venK+kLQuAu4OrJUa\nfugVqqBQ2SPkUBjxp4rSMDVHXKsw1MdvsNkGMTUIrSB4d2VSo/tIzcAhjAsCAwEA\nAQKCAgAXDaQk2DmXnqGqk4HeYISn7hcDWCKUvtsjul+aOvGGHD3KcJe/LbL5Uym0\nBL6N15UzMD8CDqsYsqIkLhx9n1lqHvnZuWT1HLv2pQoSD14KHQsPvewz8J2mVKmI\nyQK9eTeDt8VSTna/Ra2RrIUARqdGLe4vIA6I8sA7OWeWTFBTjXtGFxC5FmWDE3G8\nT0bCo4lpwKiMMKYXMNqBqJJ3/cdInshi6xADG4tX36hfKKE+t3f5V/KKFeJqghvv\navyG7UbxXeLS1dhAfadCfQPFT4x0nIqweUagGJjs2f886EYGhDnuBflZHyYD/mWz\npQXDFOxQZqiE9WXr3eWizypTpGznG9MJexsoXUUmw2jZwZ6EetLOVugDt0fyTGz0\nwlmY6ZcIWpgbE/H8sIUzfF8JbSLZFpkI3eEhImlUenk0A23+L6JYYJqXwkEZ+8Fr\nxE7y9UX1Gwlx7o4XFhnI6JP3dkYqAzpUTOeOqzkOm3PUDycSMTkXwl8OauNHdD/C\nTusVsx01wmgEPi1SMXGJIyJZrLJHSHXJ/14rysOQG1kq2fgEzOilF5wpAootc1Ef\nLwlmLf9TX5GFU+i28NC+E91f++uh776qFfLCyLeHM1U3BRsJxl2caZh8D8vYHKmo\nLT/SyUYeymUbpS4jNhlX/d2+0nnYkAk5MM1bhbiw304Y9+MYAQKCAQEAwCr3u3Wu\n8MoxmnbX15OT651rvSeChET6nlDO124mXyo6KHiFz9PMYLQMoeBzA1UFjdPwu/BT\nKFpLCRR++IOIxFeInXC4zcjg0r7QzhowT3vK4WqyMzre0SIeDoJN9dbYLK7Yxlsy\nYpLUn/IhwyTH26E5/oOhm/JWzBQHzG+rQW2B7pXnE1LjtjpDR0AbFvbhYbE7PJ8r\nNry6Kg93SvyMCkldmBGkQ1tbrRX4URUtZvvX8pDT8NGt3p/4kTdA1jOl7Lj8uU8A\nIt89jj/KP7JCb0z0ymF2qt7s1cipi3E8CyL/gs5K3xDwFkAk1yW6FA/uTdcSV5I6\nK2RPlFVAAxb0hQKCAQEA1H0/NSD6mMNm0faTgMs7PwflgbCvdHWmy+DEBQnThgdU\nB/6GuZ/TXIqdcYm8ucck310BK2cQT1RXHysA0jleYjIXCT+TiR8j00pAVC8JtNzL\nKD82bGDVUvZgwkjekmul0QaYy5leG8ArBJfh1nqy36hDE1O9iFa7UjEskavdC+sD\npINQYQv7GJgDyNRRdATTMAlks/zm7RnHBofuy+jyzz7BrrS2vULc/J8nJz1D/WRx\n9nIC2sX66V7LaMh/CIn0lU+33M9kgQVt5XT7XYJEyBITRdVreYprZijrhFdm1chi\nZVC0oFOaTh1Hhw2DTc8LSOAO1o9radEtsxZbah7rTwKCAQAidZIG44uDUj6i3DzI\nQ4Z68beoK7WT0mq+iO8OYoou9nuHVlVodypnDOJXBNCbAFwGmsLIcMf4rHhYIHzE\nQ5H641d0JAp/nE30fJMk4j1Xg3NWCLP7y8q45c1N/L/OHcCWAqSMrT3Tv1CxfdHg\nFHBiSf8ETMZmGIbIAa+EUWH8UY7DIc5WAL8kpj36QNyauZqg0g81R7WQEzeu4ycZ\nI0BZd954rnEuQuullhL5Nzr1BKQssxvOS0tKaJVCNQ5DWu+eC24GLMxxdGatY3L5\nCRYwrzQWNnP5IBCIJXuBrcR+msAGzMdQSNFErCvvCKzdfB3Xh4GagnY74bkDeGYK\nJ8uhAoIBAF93NeKkwnHHuHY0leiTZjbXUWGHBA0KnrmSbf7lf0cEG9jLnbPf/pHh\nJQNRopzEv+gqXNAnKci6V7oFFAVfCOyNHJRnH93HQ8012tj3mSDM4elfHRBsIOt5\nDde77WNTQdg7YoJ2kTVejPUvV6OI1LxvWFNimBCdBuPSe/emg1VLbQOIi6BORa2y\n/mBII6BAWrGGRtwmj4mOv0BL6hlqu0wpIdNgFYnKdIZ66phSii1Z52mVp3qq4CPh\nFvoougoYEO7UNgLamojs64bfm99TG5vXoxkI3ZRpf/8R+14l9mmt8acbL0uow/a8\naNpgU9GtZ6CCKah0HwoXlLSVItT2tzkCggEADrK9CrNeajZ9T7MI5JPlCmqh1CcV\n+mK6lSOBcT+b+IXLRs7nDZ05Ib233ks1PvUQCBX3/OEL+LiBfkgwWIS1LSQHEfak\nHChHe3ZnRxIyrWom+3/sjVjQXGgWLF5u0EV6we2FxmeqHlL2oRIVqndLrgjM6J5L\nL/3Ofaf50CvWrx+SWexnLSuuo9gXH+BEV3lhe7fy1AhEXQjkwaXwogR0ZpWybRYZ\nOx4kvoo2RKZsVXvEOp8mas5Tb5tlFIIDAXPYJHXph6F3LYPyEiHVKa8Mw/pqFOHR\nKOQ+E8dlcI7ZDcFXZ5c6rlwCbpWnZyRYFzMRsepWi1R5zatn6idS0tpFlA==\n-----END RSA PRIVATE KEY-----\n",
            "content_base64": null,
            "content_base64sha256": "3Hpq2Nw9DJTa0og+RJaYXQK1RJusK8pbzfWhWceohDY=",
            "content_base64sha512": "KVIjp8ESlDRBMEabIZKauJVJqJk4jSTdXpIhc+tn73p2AgcU7eYATBNRr8dO2mOBPcDyGjTHEpJCYdmEPz2PLA==",
            "content_md5": "74e3b1b55b369a602af9c4a89cf36307",
            "content_sha1": "035d1adb924913db5e75a5c4d1dca2641238690f",
            "content_sha256": "dc7a6ad8dc3d0c94dad2883e4496985d02b5449bac2bca5bcdf5a159c7a88436",
            "content_sha512": "295223a7c11294344130469b21929ab89549a899388d24dd5e922173eb67ef7a76020714ede6004c1351afc74eda63813dc0f21a34c712924261d9843f3d8f2c",
            "directory_permission": "0777",
            "file_permission": "400",
            "filename": "jenkins-jgrog-key1.pem",
            "id": "035d1adb924913db5e75a5c4d1dca2641238690f",
            "sensitive_content": null,
            "source": null
          },
          "sensitive_attributes": [
            [
              {
                "type": "get_attr",
                "value": "content"
              }
            ]
          ],
          "dependencies": [
            "aws_key_pair.instance_key",
            "tls_private_key.instance_key"
          ]
        }
      ]
    },
    {
      "mode": "managed",
      "type": "tls_private_key",
      "name": "instance_key",
      "provider": "provider[\"registry.terraform.io/hashicorp/tls\"]",
      "instances": [
        {
          "schema_version": 1,
          "attributes": {
            "algorithm": "RSA",
            "ecdsa_curve": "P224",
            "id": "b1b4487effab13e6247ee773950d631919c133ef",
            "private_key_openssh": "-----BEGIN OPENSSH PRIVATE KEY-----\nb3BlbnNzaC1rZXktdjEAAAAABG5vbmUAAAAEbm9uZQAAAAAAAAABAAACFwAAAAdz\nc2gtcnNhAAAAAwEAAQAAAgEAn4GZlKibPTH7D0Zj8VyfXQwUXPMv6mrOxcVHecxt\nAF89lgKnWF0H+T83i6I7UCp16akj9ELzOeJ0gitC6WatOprrC8NsgAu0amfNmOda\nonYxpJEwDOMR6t+QXQqwm5D/6sqfaFGKv+dEFzELls0tUd7SFSRC1oVv8f17PDaq\nX/DVSSTw3nZy2cFtZhTW+H6Yk0yaSw8yX8FX2gd2gHBpr7tFPDOJ5YBj+/kWdFn0\n9I9Q4wZgDhDFMyY6a24pIf6lJwynXu/eAlJfI5MyOZptFd1i8kTy2Q9hAxsjNrCC\n/owew3T0u3kOyaH95J06KjwXfsh1Ehsa2FHFNVGm/qtCDDHnfj2v1k4+IwiGbH43\nMLdiGwWAstFCrFgC5yqxy0dasGU79YLixrnWH71tzXkeEE2uVfuA4BqPQIfAwW5A\nZ/OGYXXncXGGL86PUwS84eo1aDoOlWFWqr2h+2uFHvigxSnvKR3zlHXiZkBH1rUq\nwk6efPJ1OxYPnty8TPsCk38ndtyNSci8t9sHwLPZhuVAkdUb/Q1e95IXOxs4bmPy\nb2pT2hgbIQV2AT5s+WuUvv9V8odp4+o+Aa/8ks3EnDq683bOl7zz0X2venK+kLQu\nAu4OrJUafugVqqBQ2SPkUBjxp4rSMDVHXKsw1MdvsNkGMTUIrSB4d2VSo/tIzcAh\njAsAAAc4ffxAjn38QI4AAAAHc3NoLXJzYQAAAgEAn4GZlKibPTH7D0Zj8VyfXQwU\nXPMv6mrOxcVHecxtAF89lgKnWF0H+T83i6I7UCp16akj9ELzOeJ0gitC6WatOprr\nC8NsgAu0amfNmOdaonYxpJEwDOMR6t+QXQqwm5D/6sqfaFGKv+dEFzELls0tUd7S\nFSRC1oVv8f17PDaqX/DVSSTw3nZy2cFtZhTW+H6Yk0yaSw8yX8FX2gd2gHBpr7tF\nPDOJ5YBj+/kWdFn09I9Q4wZgDhDFMyY6a24pIf6lJwynXu/eAlJfI5MyOZptFd1i\n8kTy2Q9hAxsjNrCC/owew3T0u3kOyaH95J06KjwXfsh1Ehsa2FHFNVGm/qtCDDHn\nfj2v1k4+IwiGbH43MLdiGwWAstFCrFgC5yqxy0dasGU79YLixrnWH71tzXkeEE2u\nVfuA4BqPQIfAwW5AZ/OGYXXncXGGL86PUwS84eo1aDoOlWFWqr2h+2uFHvigxSnv\nKR3zlHXiZkBH1rUqwk6efPJ1OxYPnty8TPsCk38ndtyNSci8t9sHwLPZhuVAkdUb\n/Q1e95IXOxs4bmPyb2pT2hgbIQV2AT5s+WuUvv9V8odp4+o+Aa/8ks3EnDq683bO\nl7zz0X2venK+kLQuAu4OrJUafugVqqBQ2SPkUBjxp4rSMDVHXKsw1MdvsNkGMTUI\nrSB4d2VSo/tIzcAhjAsAAAADAQABAAACABcNpCTYOZeeoaqTgd5ghKfuFwNYIpS+\n2yO6X5o68YYcPcpwl78tsvlTKbQEvo3XlTMwPwIOqxiyoiQuHH2fWWoe+dm5ZPUc\nu/alChIPXgodCw+97DPwnaZUqYjJAr15N4O3xVJOdr9FrZGshQBGp0Yt7i8gDojy\nwDs5Z5ZMUFONe0YXELkWZYMTcbxPRsKjiWnAqIwwphcw2oGoknf9x0ieyGLrEAMb\ni1ffqF8ooT63d/lX8ooV4mqCG+9q/IbtRvFd4tLV2EB9p0J9A8VPjHScirB5RqAY\nmOzZ/zzoRgaEOe4F+VkfJgP+ZbOlBcMU7FBmqIT1Zevd5aLPKlOkbOcb0wl7Gyhd\nRSbDaNnBnoR60s5W6AO3R/JMbPTCWZjplwhamBsT8fywhTN8XwltItkWmQjd4SEi\naVR6eTQDbf4volhgmpfCQRn7wWvETvL1RfUbCXHujhcWGcjok/d2RioDOlRM546r\nOQ6bc9QPJxIxORfCXw5q40d0P8JO6xWzHTXCaAQ+LVIxcYkjIlmsskdIdcn/XivK\nw5AbWSrZ+ATM6KUXnCkCii1zUR8vCWYt/1NfkYVT6Lbw0L4T3V/766HvvqoV8sLI\nt4czVTcFGwnGXZxpmHwPy9gcqagtP9LJRh7KZRulLiM2GVf93b7SediQCTkwzVuF\nuLDfThj34xgBAAABAA6yvQqzXmo2fU+zCOST5QpqodQnFfpiupUjgXE/m/iFy0bO\n5w2dOSG9t95LNT71EAgV9/zhC/i4gX5IMFiEtS0kBxH2pBwoR3t2Z0cSMq1qJvt/\n7I1Y0FxoFixebtBFesHthcZnqh5S9qESFap3S64IzOieSy/9zn2n+dAr1q8fklns\nZy0rrqPYFx/gRFd5YXu38tQIRF0I5MGl8KIEdGaVsm0WGTseJL6KNkSmbFV7xDqf\nJmrOU2+bZRSCAwFz2CR16Yehdy2D8hIh1SmvDMP6ahTh0SjkPhPHZXCO2Q3BV2eX\nOq5cAm6Vp2ckWBczEbHqVotUec2rZ+onUtLaRZQAAAEBAMAq97t1rvDKMZp219eT\nk+uda70ngoRE+p5QztduJl8qOih4hc/TzGC0DKHgcwNVBY3T8LvwUyhaSwkUfviD\niMRXiJ1wuM3I4NK+0M4aME97yuFqsjM63tEiHg6CTfXW2Cyu2MZbMmKS1J/yIcMk\nx9uhOf6DoZvyVswUB8xvq0Ftge6V5xNS47Y6Q0dAGxb24WGxOzyfKza8uioPd0r8\njApJXZgRpENbW60V+FEVLWb71/KQ0/DRrd6f+JE3QNYzpey4/LlPACLfPY4/yj+y\nQm9M9Mphdqre7NXIqYtxPAsi/4LOSt8Q8BZAJNcluhQP7k3XEleSOitkT5RVQAMW\n9IUAAAEBANR9PzUg+pjDZtH2k4DLOz8H5YGwr3R1psvgxAUJ04YHVAf+hrmf01yK\nnXGJvLnHJN9dAStnEE9UVx8rANI5XmIyFwk/k4kfI9NKQFQvCbTcyyg/Nmxg1VL2\nYMJI3pJrpdEGmMuZXhvAKwSX4dZ6st+oQxNTvYhWu1IxLJGr3QvrA6SDUGEL+xiY\nA8jUUXQE0zAJZLP85u0ZxwaH7svo8s8+wa60tr1C3PyfJyc9Q/1kcfZyAtrF+ule\ny2jIfwiJ9JVPt9zPZIEFbeV0+12CRMgSE0XVa3mKa2Yo64RXZtXIYmVQtKBTmk4d\nR4cNg03PC0jgDtaPa2nRLbMWW2oe608AAAAAAQID\n-----END OPENSSH PRIVATE KEY-----\n",
            "private_key_pem": "-----BEGIN RSA PRIVATE KEY-----\nMIIJJwIBAAKCAgEAn4GZlKibPTH7D0Zj8VyfXQwUXPMv6mrOxcVHecxtAF89lgKn\nWF0H+T83i6I7UCp16akj9ELzOeJ0gitC6WatOprrC8NsgAu0amfNmOdaonYxpJEw\nDOMR6t+QXQqwm5D/6sqfaFGKv+dEFzELls0tUd7SFSRC1oVv8f17PDaqX/DVSSTw\n3nZy2cFtZhTW+H6Yk0yaSw8yX8FX2gd2gHBpr7tFPDOJ5YBj+/kWdFn09I9Q4wZg\nDhDFMyY6a24pIf6lJwynXu/eAlJfI5MyOZptFd1i8kTy2Q9hAxsjNrCC/owew3T0\nu3kOyaH95J06KjwXfsh1Ehsa2FHFNVGm/qtCDDHnfj2v1k4+IwiGbH43MLdiGwWA\nstFCrFgC5yqxy0dasGU79YLixrnWH71tzXkeEE2uVfuA4BqPQIfAwW5AZ/OGYXXn\ncXGGL86PUwS84eo1aDoOlWFWqr2h+2uFHvigxSnvKR3zlHXiZkBH1rUqwk6efPJ1\nOxYPnty8TPsCk38ndtyNSci8t9sHwLPZhuVAkdUb/Q1e95IXOxs4bmPyb2pT2hgb\nIQV2AT5s+WuUvv9V8odp4+o+Aa/8ks3EnDq683bOl7zz0X2venK+kLQuAu4OrJUa\nfugVqqBQ2SPkUBjxp4rSMDVHXKsw1MdvsNkGMTUIrSB4d2VSo/tIzcAhjAsCAwEA\nAQKCAgAXDaQk2DmXnqGqk4HeYISn7hcDWCKUvtsjul+aOvGGHD3KcJe/LbL5Uym0\nBL6N15UzMD8CDqsYsqIkLhx9n1lqHvnZuWT1HLv2pQoSD14KHQsPvewz8J2mVKmI\nyQK9eTeDt8VSTna/Ra2RrIUARqdGLe4vIA6I8sA7OWeWTFBTjXtGFxC5FmWDE3G8\nT0bCo4lpwKiMMKYXMNqBqJJ3/cdInshi6xADG4tX36hfKKE+t3f5V/KKFeJqghvv\navyG7UbxXeLS1dhAfadCfQPFT4x0nIqweUagGJjs2f886EYGhDnuBflZHyYD/mWz\npQXDFOxQZqiE9WXr3eWizypTpGznG9MJexsoXUUmw2jZwZ6EetLOVugDt0fyTGz0\nwlmY6ZcIWpgbE/H8sIUzfF8JbSLZFpkI3eEhImlUenk0A23+L6JYYJqXwkEZ+8Fr\nxE7y9UX1Gwlx7o4XFhnI6JP3dkYqAzpUTOeOqzkOm3PUDycSMTkXwl8OauNHdD/C\nTusVsx01wmgEPi1SMXGJIyJZrLJHSHXJ/14rysOQG1kq2fgEzOilF5wpAootc1Ef\nLwlmLf9TX5GFU+i28NC+E91f++uh776qFfLCyLeHM1U3BRsJxl2caZh8D8vYHKmo\nLT/SyUYeymUbpS4jNhlX/d2+0nnYkAk5MM1bhbiw304Y9+MYAQKCAQEAwCr3u3Wu\n8MoxmnbX15OT651rvSeChET6nlDO124mXyo6KHiFz9PMYLQMoeBzA1UFjdPwu/BT\nKFpLCRR++IOIxFeInXC4zcjg0r7QzhowT3vK4WqyMzre0SIeDoJN9dbYLK7Yxlsy\nYpLUn/IhwyTH26E5/oOhm/JWzBQHzG+rQW2B7pXnE1LjtjpDR0AbFvbhYbE7PJ8r\nNry6Kg93SvyMCkldmBGkQ1tbrRX4URUtZvvX8pDT8NGt3p/4kTdA1jOl7Lj8uU8A\nIt89jj/KP7JCb0z0ymF2qt7s1cipi3E8CyL/gs5K3xDwFkAk1yW6FA/uTdcSV5I6\nK2RPlFVAAxb0hQKCAQEA1H0/NSD6mMNm0faTgMs7PwflgbCvdHWmy+DEBQnThgdU\nB/6GuZ/TXIqdcYm8ucck310BK2cQT1RXHysA0jleYjIXCT+TiR8j00pAVC8JtNzL\nKD82bGDVUvZgwkjekmul0QaYy5leG8ArBJfh1nqy36hDE1O9iFa7UjEskavdC+sD\npINQYQv7GJgDyNRRdATTMAlks/zm7RnHBofuy+jyzz7BrrS2vULc/J8nJz1D/WRx\n9nIC2sX66V7LaMh/CIn0lU+33M9kgQVt5XT7XYJEyBITRdVreYprZijrhFdm1chi\nZVC0oFOaTh1Hhw2DTc8LSOAO1o9radEtsxZbah7rTwKCAQAidZIG44uDUj6i3DzI\nQ4Z68beoK7WT0mq+iO8OYoou9nuHVlVodypnDOJXBNCbAFwGmsLIcMf4rHhYIHzE\nQ5H641d0JAp/nE30fJMk4j1Xg3NWCLP7y8q45c1N/L/OHcCWAqSMrT3Tv1CxfdHg\nFHBiSf8ETMZmGIbIAa+EUWH8UY7DIc5WAL8kpj36QNyauZqg0g81R7WQEzeu4ycZ\nI0BZd954rnEuQuullhL5Nzr1BKQssxvOS0tKaJVCNQ5DWu+eC24GLMxxdGatY3L5\nCRYwrzQWNnP5IBCIJXuBrcR+msAGzMdQSNFErCvvCKzdfB3Xh4GagnY74bkDeGYK\nJ8uhAoIBAF93NeKkwnHHuHY0leiTZjbXUWGHBA0KnrmSbf7lf0cEG9jLnbPf/pHh\nJQNRopzEv+gqXNAnKci6V7oFFAVfCOyNHJRnH93HQ8012tj3mSDM4elfHRBsIOt5\nDde77WNTQdg7YoJ2kTVejPUvV6OI1LxvWFNimBCdBuPSe/emg1VLbQOIi6BORa2y\n/mBII6BAWrGGRtwmj4mOv0BL6hlqu0wpIdNgFYnKdIZ66phSii1Z52mVp3qq4CPh\nFvoougoYEO7UNgLamojs64bfm99TG5vXoxkI3ZRpf/8R+14l9mmt8acbL0uow/a8\naNpgU9GtZ6CCKah0HwoXlLSVItT2tzkCggEADrK9CrNeajZ9T7MI5JPlCmqh1CcV\n+mK6lSOBcT+b+IXLRs7nDZ05Ib233ks1PvUQCBX3/OEL+LiBfkgwWIS1LSQHEfak\nHChHe3ZnRxIyrWom+3/sjVjQXGgWLF5u0EV6we2FxmeqHlL2oRIVqndLrgjM6J5L\nL/3Ofaf50CvWrx+SWexnLSuuo9gXH+BEV3lhe7fy1AhEXQjkwaXwogR0ZpWybRYZ\nOx4kvoo2RKZsVXvEOp8mas5Tb5tlFIIDAXPYJHXph6F3LYPyEiHVKa8Mw/pqFOHR\nKOQ+E8dlcI7ZDcFXZ5c6rlwCbpWnZyRYFzMRsepWi1R5zatn6idS0tpFlA==\n-----END RSA PRIVATE KEY-----\n",
            "private_key_pem_pkcs8": "-----BEGIN PRIVATE KEY-----\nMIIJQQIBADANBgkqhkiG9w0BAQEFAASCCSswggknAgEAAoICAQCfgZmUqJs9MfsP\nRmPxXJ9dDBRc8y/qas7FxUd5zG0AXz2WAqdYXQf5PzeLojtQKnXpqSP0QvM54nSC\nK0LpZq06musLw2yAC7RqZ82Y51qidjGkkTAM4xHq35BdCrCbkP/qyp9oUYq/50QX\nMQuWzS1R3tIVJELWhW/x/Xs8Nqpf8NVJJPDednLZwW1mFNb4fpiTTJpLDzJfwVfa\nB3aAcGmvu0U8M4nlgGP7+RZ0WfT0j1DjBmAOEMUzJjprbikh/qUnDKde794CUl8j\nkzI5mm0V3WLyRPLZD2EDGyM2sIL+jB7DdPS7eQ7Jof3knToqPBd+yHUSGxrYUcU1\nUab+q0IMMed+Pa/WTj4jCIZsfjcwt2IbBYCy0UKsWALnKrHLR1qwZTv1guLGudYf\nvW3NeR4QTa5V+4DgGo9Ah8DBbkBn84ZhdedxcYYvzo9TBLzh6jVoOg6VYVaqvaH7\na4Ue+KDFKe8pHfOUdeJmQEfWtSrCTp588nU7Fg+e3LxM+wKTfyd23I1JyLy32wfA\ns9mG5UCR1Rv9DV73khc7GzhuY/JvalPaGBshBXYBPmz5a5S+/1Xyh2nj6j4Br/yS\nzcScOrrzds6XvPPRfa96cr6QtC4C7g6slRp+6BWqoFDZI+RQGPGnitIwNUdcqzDU\nx2+w2QYxNQitIHh3ZVKj+0jNwCGMCwIDAQABAoICABcNpCTYOZeeoaqTgd5ghKfu\nFwNYIpS+2yO6X5o68YYcPcpwl78tsvlTKbQEvo3XlTMwPwIOqxiyoiQuHH2fWWoe\n+dm5ZPUcu/alChIPXgodCw+97DPwnaZUqYjJAr15N4O3xVJOdr9FrZGshQBGp0Yt\n7i8gDojywDs5Z5ZMUFONe0YXELkWZYMTcbxPRsKjiWnAqIwwphcw2oGoknf9x0ie\nyGLrEAMbi1ffqF8ooT63d/lX8ooV4mqCG+9q/IbtRvFd4tLV2EB9p0J9A8VPjHSc\nirB5RqAYmOzZ/zzoRgaEOe4F+VkfJgP+ZbOlBcMU7FBmqIT1Zevd5aLPKlOkbOcb\n0wl7GyhdRSbDaNnBnoR60s5W6AO3R/JMbPTCWZjplwhamBsT8fywhTN8XwltItkW\nmQjd4SEiaVR6eTQDbf4volhgmpfCQRn7wWvETvL1RfUbCXHujhcWGcjok/d2RioD\nOlRM546rOQ6bc9QPJxIxORfCXw5q40d0P8JO6xWzHTXCaAQ+LVIxcYkjIlmsskdI\ndcn/XivKw5AbWSrZ+ATM6KUXnCkCii1zUR8vCWYt/1NfkYVT6Lbw0L4T3V/766Hv\nvqoV8sLIt4czVTcFGwnGXZxpmHwPy9gcqagtP9LJRh7KZRulLiM2GVf93b7SediQ\nCTkwzVuFuLDfThj34xgBAoIBAQDAKve7da7wyjGadtfXk5PrnWu9J4KERPqeUM7X\nbiZfKjooeIXP08xgtAyh4HMDVQWN0/C78FMoWksJFH74g4jEV4idcLjNyODSvtDO\nGjBPe8rharIzOt7RIh4Ogk311tgsrtjGWzJiktSf8iHDJMfboTn+g6Gb8lbMFAfM\nb6tBbYHulecTUuO2OkNHQBsW9uFhsTs8nys2vLoqD3dK/IwKSV2YEaRDW1utFfhR\nFS1m+9fykNPw0a3en/iRN0DWM6XsuPy5TwAi3z2OP8o/skJvTPTKYXaq3uzVyKmL\ncTwLIv+CzkrfEPAWQCTXJboUD+5N1xJXkjorZE+UVUADFvSFAoIBAQDUfT81IPqY\nw2bR9pOAyzs/B+WBsK90dabL4MQFCdOGB1QH/oa5n9Ncip1xiby5xyTfXQErZxBP\nVFcfKwDSOV5iMhcJP5OJHyPTSkBULwm03MsoPzZsYNVS9mDCSN6Sa6XRBpjLmV4b\nwCsEl+HWerLfqEMTU72IVrtSMSyRq90L6wOkg1BhC/sYmAPI1FF0BNMwCWSz/Obt\nGccGh+7L6PLPPsGutLa9Qtz8nycnPUP9ZHH2cgLaxfrpXstoyH8IifSVT7fcz2SB\nBW3ldPtdgkTIEhNF1Wt5imtmKOuEV2bVyGJlULSgU5pOHUeHDYNNzwtI4A7Wj2tp\n0S2zFltqHutPAoIBACJ1kgbji4NSPqLcPMhDhnrxt6grtZPSar6I7w5iii72e4dW\nVWh3KmcM4lcE0JsAXAaawshwx/iseFggfMRDkfrjV3QkCn+cTfR8kyTiPVeDc1YI\ns/vLyrjlzU38v84dwJYCpIytPdO/ULF90eAUcGJJ/wRMxmYYhsgBr4RRYfxRjsMh\nzlYAvySmPfpA3Jq5mqDSDzVHtZATN67jJxkjQFl33niucS5C66WWEvk3OvUEpCyz\nG85LS0polUI1DkNa754LbgYszHF0Zq1jcvkJFjCvNBY2c/kgEIgle4GtxH6awAbM\nx1BI0USsK+8IrN18HdeHgZqCdjvhuQN4Zgony6ECggEAX3c14qTCcce4djSV6JNm\nNtdRYYcEDQqeuZJt/uV/RwQb2Muds9/+keElA1GinMS/6Cpc0CcpyLpXugUUBV8I\n7I0clGcf3cdDzTXa2PeZIMzh6V8dEGwg63kN17vtY1NB2DtignaRNV6M9S9Xo4jU\nvG9YU2KYEJ0G49J796aDVUttA4iLoE5FrbL+YEgjoEBasYZG3CaPiY6/QEvqGWq7\nTCkh02AVicp0hnrqmFKKLVnnaZWneqrgI+EW+ii6ChgQ7tQ2AtqaiOzrht+b31Mb\nm9ejGQjdlGl//xH7XiX2aa3xpxsvS6jD9rxo2mBT0a1noIIpqHQfCheUtJUi1Pa3\nOQKCAQAOsr0Ks15qNn1Pswjkk+UKaqHUJxX6YrqVI4FxP5v4hctGzucNnTkhvbfe\nSzU+9RAIFff84Qv4uIF+SDBYhLUtJAcR9qQcKEd7dmdHEjKtaib7f+yNWNBcaBYs\nXm7QRXrB7YXGZ6oeUvahEhWqd0uuCMzonksv/c59p/nQK9avH5JZ7GctK66j2Bcf\n4ERXeWF7t/LUCERdCOTBpfCiBHRmlbJtFhk7HiS+ijZEpmxVe8Q6nyZqzlNvm2UU\nggMBc9gkdemHoXctg/ISIdUprwzD+moU4dEo5D4Tx2VwjtkNwVdnlzquXAJuladn\nJFgXMxGx6laLVHnNq2fqJ1LS2kWU\n-----END PRIVATE KEY-----\n",
            "public_key_fingerprint_md5": "8a:bb:2f:db:36:44:d1:84:d3:ad:14:01:d9:a7:78:25",
            "public_key_fingerprint_sha256": "SHA256:ZmgvMxUadNh30wJGZgbe88+r25fq8d0A7NkaNDDx2lc",
            "public_key_openssh": "ssh-rsa AAAAB3NzaC1yc2EAAAADAQABAAACAQCfgZmUqJs9MfsPRmPxXJ9dDBRc8y/qas7FxUd5zG0AXz2WAqdYXQf5PzeLojtQKnXpqSP0QvM54nSCK0LpZq06musLw2yAC7RqZ82Y51qidjGkkTAM4xHq35BdCrCbkP/qyp9oUYq/50QXMQuWzS1R3tIVJELWhW/x/Xs8Nqpf8NVJJPDednLZwW1mFNb4fpiTTJpLDzJfwVfaB3aAcGmvu0U8M4nlgGP7+RZ0WfT0j1DjBmAOEMUzJjprbikh/qUnDKde794CUl8jkzI5mm0V3WLyRPLZD2EDGyM2sIL+jB7DdPS7eQ7Jof3knToqPBd+yHUSGxrYUcU1Uab+q0IMMed+Pa/WTj4jCIZsfjcwt2IbBYCy0UKsWALnKrHLR1qwZTv1guLGudYfvW3NeR4QTa5V+4DgGo9Ah8DBbkBn84ZhdedxcYYvzo9TBLzh6jVoOg6VYVaqvaH7a4Ue+KDFKe8pHfOUdeJmQEfWtSrCTp588nU7Fg+e3LxM+wKTfyd23I1JyLy32wfAs9mG5UCR1Rv9DV73khc7GzhuY/JvalPaGBshBXYBPmz5a5S+/1Xyh2nj6j4Br/ySzcScOrrzds6XvPPRfa96cr6QtC4C7g6slRp+6BWqoFDZI+RQGPGnitIwNUdcqzDUx2+w2QYxNQitIHh3ZVKj+0jNwCGMCw==\n",
            "public_key_pem": "-----BEGIN PUBLIC KEY-----\nMIICIjANBgkqhkiG9w0BAQEFAAOCAg8AMIICCgKCAgEAn4GZlKibPTH7D0Zj8Vyf\nXQwUXPMv6mrOxcVHecxtAF89lgKnWF0H+T83i6I7UCp16akj9ELzOeJ0gitC6Wat\nOprrC8NsgAu0amfNmOdaonYxpJEwDOMR6t+QXQqwm5D/6sqfaFGKv+dEFzELls0t\nUd7SFSRC1oVv8f17PDaqX/DVSSTw3nZy2cFtZhTW+H6Yk0yaSw8yX8FX2gd2gHBp\nr7tFPDOJ5YBj+/kWdFn09I9Q4wZgDhDFMyY6a24pIf6lJwynXu/eAlJfI5MyOZpt\nFd1i8kTy2Q9hAxsjNrCC/owew3T0u3kOyaH95J06KjwXfsh1Ehsa2FHFNVGm/qtC\nDDHnfj2v1k4+IwiGbH43MLdiGwWAstFCrFgC5yqxy0dasGU79YLixrnWH71tzXke\nEE2uVfuA4BqPQIfAwW5AZ/OGYXXncXGGL86PUwS84eo1aDoOlWFWqr2h+2uFHvig\nxSnvKR3zlHXiZkBH1rUqwk6efPJ1OxYPnty8TPsCk38ndtyNSci8t9sHwLPZhuVA\nkdUb/Q1e95IXOxs4bmPyb2pT2hgbIQV2AT5s+WuUvv9V8odp4+o+Aa/8ks3EnDq6\n83bOl7zz0X2venK+kLQuAu4OrJUafugVqqBQ2SPkUBjxp4rSMDVHXKsw1MdvsNkG\nMTUIrSB4d2VSo/tIzcAhjAsCAwEAAQ==\n-----END PUBLIC KEY-----\n",
            "rsa_bits": 4096
          },
          "sensitive_attributes": []
        }
      ]
    }
  ],
  "check_results": null
}
